github.com/Code-Hex/go-infinity-channel v1.0.0 h1:M8BWlfDOxq9or9yvF9+YkceoTkDI1pFAqvnP87Zh0Nw=
github.com/Code-Hex/go-infinity-channel v1.0.0/go.mod h1:5yUVg/Fqao9dAjcpzoQ33WwfdMWmISOrQloDRn3bsvY=
github.com/Code-Hex/vz/v3 v3.0.6 h1:YoW0ZHbdb9G1lYDw9h/QrbBC5lAI1k9LAZMmTGR/Rpw=
github.com/Code-Hex/vz/v3 v3.0.6/go.mod h1:xUfvg1VJ5A6ZQNuzQERwXJ7l2ZdTnY6eCy9CIS6/DYQ=
golang.org/x/mod v0.6.0 h1:b9gGHsz9/HhJ3HF5DHQytPpuwocVTChQJK3AvoLRD5I=
golang.org/x/mod v0.6.0/go.mod h1:4mET923SAdbXp2ki8ey+zGs1SLqsuM2Y0uvdZR/fUNI=
